
Microsoft Visual Studio Solution File, Format Version 12.00
# Visual Studio Version 17
VisualStudioVersion = 17.10.35027.167
MinimumVisualStudioVersion = 10.0.40219.1
Project("{9A19103F-16F7-4668-BE54-9A1E7A4F7556}") = "TalkAI", "TalkAI\TalkAI.csproj", "{754090F2-1F93-4031-B18A-11B58A9BE7E5}"
EndProject
Project("{9A19103F-16F7-4668-BE54-9A1E7A4F7556}") = "DAL", "DAL\DAL.csproj", "{A0BE2CE5-2A8C-45C8-9814-9225A6870909}"
EndProject
Project("{9A19103F-16F7-4668-BE54-9A1E7A4F7556}") = "BLL", "BLL\BLL.csproj", "{C77990DC-F935-460D-8381-9492C6D3F7F7}"
EndProject
Project("{9A19103F-16F7-4668-BE54-9A1E7A4F7556}") = "Common", "Common\Common.csproj", "{8FCEE7B7-7E2D-4636-BE20-43EED59335FD}"
EndProject
Project("{FAE04EC0-301F-11D3-BF4B-00C04F79EFBC}") = "FE", "FE\FE.csproj", "{0865F3E7-9F79-431A-BB61-29D03312AADD}"
EndProject
Global
	GlobalSection(SolutionConfigurationPlatforms) = preSolution
		Debug|Any CPU = Debug|Any CPU
		Release|Any CPU = Release|Any CPU
	EndGlobalSection
	GlobalSection(ProjectConfigurationPlatforms) = postSolution
		{754090F2-1F93-4031-B18A-11B58A9BE7E5}.Debug|Any CPU.ActiveCfg = Debug|Any CPU
		{754090F2-1F93-4031-B18A-11B58A9BE7E5}.Debug|Any CPU.Build.0 = Debug|Any CPU
		{754090F2-1F93-4031-B18A-11B58A9BE7E5}.Release|Any CPU.ActiveCfg = Release|Any CPU
		{754090F2-1F93-4031-B18A-11B58A9BE7E5}.Release|Any CPU.Build.0 = Release|Any CPU
		{A0BE2CE5-2A8C-45C8-9814-9225A6870909}.Debug|Any CPU.ActiveCfg = Debug|Any CPU
		{A0BE2CE5-2A8C-45C8-9814-9225A6870909}.Debug|Any CPU.Build.0 = Debug|Any CPU
		{A0BE2CE5-2A8C-45C8-9814-9225A6870909}.Release|Any CPU.ActiveCfg = Release|Any CPU
		{A0BE2CE5-2A8C-45C8-9814-9225A6870909}.Release|Any CPU.Build.0 = Release|Any CPU
		{C77990DC-F935-460D-8381-9492C6D3F7F7}.Debug|Any CPU.ActiveCfg = Debug|Any CPU
		{C77990DC-F935-460D-8381-9492C6D3F7F7}.Debug|Any CPU.Build.0 = Debug|Any CPU
		{C77990DC-F935-460D-8381-9492C6D3F7F7}.Release|Any CPU.ActiveCfg = Release|Any CPU
		{C77990DC-F935-460D-8381-9492C6D3F7F7}.Release|Any CPU.Build.0 = Release|Any CPU
		{8FCEE7B7-7E2D-4636-BE20-43EED59335FD}.Debug|Any CPU.ActiveCfg = Debug|Any CPU
		{8FCEE7B7-7E2D-4636-BE20-43EED59335FD}.Debug|Any CPU.Build.0 = Debug|Any CPU
		{8FCEE7B7-7E2D-4636-BE20-43EED59335FD}.Release|Any CPU.ActiveCfg = Release|Any CPU
		{8FCEE7B7-7E2D-4636-BE20-43EED59335FD}.Release|Any CPU.Build.0 = Release|Any CPU
		{0865F3E7-9F79-431A-BB61-29D03312AADD}.Debug|Any CPU.ActiveCfg = Debug|Any CPU
		{0865F3E7-9F79-431A-BB61-29D03312AADD}.Debug|Any CPU.Build.0 = Debug|Any CPU
		{0865F3E7-9F79-431A-BB61-29D03312AADD}.Debug|Any CPU.Deploy.0 = Debug|Any CPU
		{0865F3E7-9F79-431A-BB61-29D03312AADD}.Release|Any CPU.ActiveCfg = Release|Any CPU
		{0865F3E7-9F79-431A-BB61-29D03312AADD}.Release|Any CPU.Build.0 = Release|Any CPU
		{0865F3E7-9F79-431A-BB61-29D03312AADD}.Release|Any CPU.Deploy.0 = Release|Any CPU
	EndGlobalSection
	GlobalSection(SolutionProperties) = preSolution
		HideSolutionNode = FALSE
	EndGlobalSection
	GlobalSection(ExtensibilityGlobals) = postSolution
		SolutionGuid = {EDEB9DF2-8D19-406F-9E57-0E2EF4079A7B}
	EndGlobalSection
EndGlobal
